// !$*UTF8*$!
{
	archiveVersion = 1;
	classes = {
	};
	objectVersion = 51;
	objects = {

/* Begin PBXBuildFile section */
		01694EF4D3F368EB6A685132 /* Pods_LibraWalletUITests.framework in Frameworks */ = {isa = PBXBuildFile; fileRef = F7658E656E8E8976B3E75152 /* Pods_LibraWalletUITests.framework */; };
		1A8251333880EBAB4D609292 /* Pods_LibraWallet.framework in Frameworks */ = {isa = PBXBuildFile; fileRef = 4308B3ACDBB4EC274104FA26 /* Pods_LibraWallet.framework */; };
		84F942D4E0AB7CC3C4350654 /* Pods_LibraWalletTests.framework in Frameworks */ = {isa = PBXBuildFile; fileRef = 68DEF872B52FD220FD8C8434 /* Pods_LibraWalletTests.framework */; };
		9D08AD372330BA75004687E8 /* NetworkManager.swift in Sources */ = {isa = PBXBuildFile; fileRef = 9D08AD362330BA75004687E8 /* NetworkManager.swift */; };
		9D08AD3D2330CE21004687E8 /* TransactionsViewController.swift in Sources */ = {isa = PBXBuildFile; fileRef = 9D08AD3C2330CE21004687E8 /* TransactionsViewController.swift */; };
		9D08AD3F2330CE2F004687E8 /* TransactionsModel.swift in Sources */ = {isa = PBXBuildFile; fileRef = 9D08AD3E2330CE2F004687E8 /* TransactionsModel.swift */; };
		9D08AD412330CE3E004687E8 /* TransactionsView.swift in Sources */ = {isa = PBXBuildFile; fileRef = 9D08AD402330CE3E004687E8 /* TransactionsView.swift */; };
		9D08AD432330D03C004687E8 /* TransactionsViewTableViewManager.swift in Sources */ = {isa = PBXBuildFile; fileRef = 9D08AD422330D03C004687E8 /* TransactionsViewTableViewManager.swift */; };
		9D08AD452330D07E004687E8 /* TransactionsTableViewCell.swift in Sources */ = {isa = PBXBuildFile; fileRef = 9D08AD442330D07E004687E8 /* TransactionsTableViewCell.swift */; };
		9D08AD4B2330D8E6004687E8 /* TransactionDetailWebViewController.swift in Sources */ = {isa = PBXBuildFile; fileRef = 9D08AD4A2330D8E6004687E8 /* TransactionDetailWebViewController.swift */; };
		9D08AD4D2330D8F5004687E8 /* TransactionDetailWebView.swift in Sources */ = {isa = PBXBuildFile; fileRef = 9D08AD4C2330D8F5004687E8 /* TransactionDetailWebView.swift */; };
		9D1A614C233204E2009DDA07 /* BaseViewController.swift in Sources */ = {isa = PBXBuildFile; fileRef = 9D1A614B233204E2009DDA07 /* BaseViewController.swift */; };
		9D1A614F23320926009DDA07 /* TransactionsViewModel.swift in Sources */ = {isa = PBXBuildFile; fileRef = 9D1A614E23320926009DDA07 /* TransactionsViewModel.swift */; };
		9D7124342329EA1C009DED52 /* Localizable.strings in Resources */ = {isa = PBXBuildFile; fileRef = 9D7124362329EA1C009DED52 /* Localizable.strings */; };
		9D71243D2329F183009DED52 /* WalletCreateViewController.swift in Sources */ = {isa = PBXBuildFile; fileRef = 9D71243C2329F183009DED52 /* WalletCreateViewController.swift */; };
		9D71243F2329F190009DED52 /* WalletCreateView.swift in Sources */ = {isa = PBXBuildFile; fileRef = 9D71243E2329F190009DED52 /* WalletCreateView.swift */; };
		9D712441232F621B009DED52 /* LibraWalletTool.swift in Sources */ = {isa = PBXBuildFile; fileRef = 9D712440232F621B009DED52 /* LibraWalletTool.swift */; };
		9D712443232F7662009DED52 /* Assets.xcassets in Resources */ = {isa = PBXBuildFile; fileRef = 9D712442232F7662009DED52 /* Assets.xcassets */; };
		9D712445232F7C36009DED52 /* TransferModel.swift in Sources */ = {isa = PBXBuildFile; fileRef = 9D712444232F7C36009DED52 /* TransferModel.swift */; };
		9D84C2E8234DBA6C00034839 /* access_path.pb.swift in Sources */ = {isa = PBXBuildFile; fileRef = 9D84C2D6234DBA6A00034839 /* access_path.pb.swift */; };
		9D84C2E9234DBA6C00034839 /* ledger_info.pb.swift in Sources */ = {isa = PBXBuildFile; fileRef = 9D84C2D7234DBA6A00034839 /* ledger_info.pb.swift */; };
		9D84C2EA234DBA6D00034839 /* vm_errors.pb.swift in Sources */ = {isa = PBXBuildFile; fileRef = 9D84C2D8234DBA6A00034839 /* vm_errors.pb.swift */; };
		9D84C2EB234DBA6D00034839 /* events.pb.swift in Sources */ = {isa = PBXBuildFile; fileRef = 9D84C2D9234DBA6B00034839 /* events.pb.swift */; };
		9D84C2EC234DBA6D00034839 /* mempool.grpc.swift in Sources */ = {isa = PBXBuildFile; fileRef = 9D84C2DA234DBA6B00034839 /* mempool.grpc.swift */; };
		9D84C2ED234DBA6D00034839 /* admission_control.grpc.swift in Sources */ = {isa = PBXBuildFile; fileRef = 9D84C2DB234DBA6B00034839 /* admission_control.grpc.swift */; };
		9D84C2EE234DBA6D00034839 /* get_with_proof.pb.swift in Sources */ = {isa = PBXBuildFile; fileRef = 9D84C2DC234DBA6B00034839 /* get_with_proof.pb.swift */; };
		9D84C2EF234DBA6D00034839 /* validator_set.pb.swift in Sources */ = {isa = PBXBuildFile; fileRef = 9D84C2DD234DBA6B00034839 /* validator_set.pb.swift */; };
		9D84C2F0234DBA6D00034839 /* mempool.pb.swift in Sources */ = {isa = PBXBuildFile; fileRef = 9D84C2DE234DBA6B00034839 /* mempool.pb.swift */; };
		9D84C2F1234DBA6D00034839 /* transaction_info.pb.swift in Sources */ = {isa = PBXBuildFile; fileRef = 9D84C2DF234DBA6B00034839 /* transaction_info.pb.swift */; };
		9D84C2F2234DBA6D00034839 /* transaction.pb.swift in Sources */ = {isa = PBXBuildFile; fileRef = 9D84C2E0234DBA6B00034839 /* transaction.pb.swift */; };
		9D84C2F3234DBA6D00034839 /* validator_public_keys.pb.swift in Sources */ = {isa = PBXBuildFile; fileRef = 9D84C2E1234DBA6C00034839 /* validator_public_keys.pb.swift */; };
		9D84C2F4234DBA6D00034839 /* language_storage.pb.swift in Sources */ = {isa = PBXBuildFile; fileRef = 9D84C2E2234DBA6C00034839 /* language_storage.pb.swift */; };
		9D84C2F5234DBA6D00034839 /* mempool_status.pb.swift in Sources */ = {isa = PBXBuildFile; fileRef = 9D84C2E3234DBA6C00034839 /* mempool_status.pb.swift */; };
		9D84C2F6234DBA6D00034839 /* admission_control.pb.swift in Sources */ = {isa = PBXBuildFile; fileRef = 9D84C2E4234DBA6C00034839 /* admission_control.pb.swift */; };
		9D84C2F7234DBA6D00034839 /* account_state_blob.pb.swift in Sources */ = {isa = PBXBuildFile; fileRef = 9D84C2E5234DBA6C00034839 /* account_state_blob.pb.swift */; };
		9D84C2F8234DBA6D00034839 /* validator_change.pb.swift in Sources */ = {isa = PBXBuildFile; fileRef = 9D84C2E6234DBA6C00034839 /* validator_change.pb.swift */; };
		9D84C2F9234DBA6D00034839 /* proof.pb.swift in Sources */ = {isa = PBXBuildFile; fileRef = 9D84C2E7234DBA6C00034839 /* proof.pb.swift */; };
		9DA8E2A22317ABC400E28D07 /* AppDelegate.swift in Sources */ = {isa = PBXBuildFile; fileRef = 9DA8E2A12317ABC400E28D07 /* AppDelegate.swift */; };
		9DA8E2AC2317ABC600E28D07 /* LaunchScreen.storyboard in Resources */ = {isa = PBXBuildFile; fileRef = 9DA8E2AA2317ABC600E28D07 /* LaunchScreen.storyboard */; };
		9DA8E2B72317ABC600E28D07 /* LibraWalletTests.swift in Sources */ = {isa = PBXBuildFile; fileRef = 9DA8E2B62317ABC600E28D07 /* LibraWalletTests.swift */; };
		9DA8E2C22317ABC600E28D07 /* LibraWalletUITests.swift in Sources */ = {isa = PBXBuildFile; fileRef = 9DA8E2C12317ABC600E28D07 /* LibraWalletUITests.swift */; };
		9DBC267623408D55009650EA /* ed25519_sc.swift in Sources */ = {isa = PBXBuildFile; fileRef = 9DBC267023408D54009650EA /* ed25519_sc.swift */; };
		9DBC267723408D55009650EA /* ed25519_utility.swift in Sources */ = {isa = PBXBuildFile; fileRef = 9DBC267123408D54009650EA /* ed25519_utility.swift */; };
		9DBC267823408D55009650EA /* ed25519_ge.swift in Sources */ = {isa = PBXBuildFile; fileRef = 9DBC267223408D54009650EA /* ed25519_ge.swift */; };
		9DBC267923408D55009650EA /* ed25519_sign.swift in Sources */ = {isa = PBXBuildFile; fileRef = 9DBC267323408D55009650EA /* ed25519_sign.swift */; };
		9DBC267A23408D55009650EA /* ed25519_verify.swift in Sources */ = {isa = PBXBuildFile; fileRef = 9DBC267423408D55009650EA /* ed25519_verify.swift */; };
		9DBC267B23408D55009650EA /* ed25519_fe.swift in Sources */ = {isa = PBXBuildFile; fileRef = 9DBC267523408D55009650EA /* ed25519_fe.swift */; };
		9DC487FD2320AF4E005FF254 /* LibraWallet.swift in Sources */ = {isa = PBXBuildFile; fileRef = 9DC487FC2320AF4E005FF254 /* LibraWallet.swift */; };
		9DC487FF2320AFB8005FF254 /* LibraError.swift in Sources */ = {isa = PBXBuildFile; fileRef = 9DC487FE2320AFB8005FF254 /* LibraError.swift */; };
		9DC488012320BE88005FF254 /* LibraNetwork.swift in Sources */ = {isa = PBXBuildFile; fileRef = 9DC488002320BE88005FF254 /* LibraNetwork.swift */; };
		9DC488032320D6A1005FF254 /* LibraMnemonic.swift in Sources */ = {isa = PBXBuildFile; fileRef = 9DC488022320D6A1005FF254 /* LibraMnemonic.swift */; };
		9DC488052320DBCB005FF254 /* LibraPublicKey.swift in Sources */ = {isa = PBXBuildFile; fileRef = 9DC488042320DBCB005FF254 /* LibraPublicKey.swift */; };
		9DC488072320E419005FF254 /* LibraSDKTests.swift in Sources */ = {isa = PBXBuildFile; fileRef = 9DC488062320E419005FF254 /* LibraSDKTests.swift */; };
		9DC4880B2320E6C1005FF254 /* LibraPrivateKey.swift in Sources */ = {isa = PBXBuildFile; fileRef = 9DC4880A2320E6C1005FF254 /* LibraPrivateKey.swift */; };
		9DC4880D2320EDF8005FF254 /* LibraUtils.swift in Sources */ = {isa = PBXBuildFile; fileRef = 9DC4880C2320EDF8005FF254 /* LibraUtils.swift */; };
		9DC4880F2320EE4C005FF254 /* LibraTransaction.swift in Sources */ = {isa = PBXBuildFile; fileRef = 9DC4880E2320EE4C005FF254 /* LibraTransaction.swift */; };
		9DC4884923211180005FF254 /* LibraWalletManager.swift in Sources */ = {isa = PBXBuildFile; fileRef = 9DC4884823211180005FF254 /* LibraWalletManager.swift */; };
		9DC4884B232111E9005FF254 /* TransferViewController.swift in Sources */ = {isa = PBXBuildFile; fileRef = 9DC4884A232111E9005FF254 /* TransferViewController.swift */; };
		9DC4884F2321F051005FF254 /* WordList.swift in Sources */ = {isa = PBXBuildFile; fileRef = 9DC4884E2321F051005FF254 /* WordList.swift */; };
		9DC4885523220D6D005FF254 /* WalletReceiveViewController.swift in Sources */ = {isa = PBXBuildFile; fileRef = 9DC4885423220D6D005FF254 /* WalletReceiveViewController.swift */; };
		9DC4885A23220DA6005FF254 /* WalletReceiveView.swift in Sources */ = {isa = PBXBuildFile; fileRef = 9DC4885923220DA6005FF254 /* WalletReceiveView.swift */; };
		9DC4885F23220E47005FF254 /* QRCodeConvertible.swift in Sources */ = {isa = PBXBuildFile; fileRef = 9DC4885D23220E47005FF254 /* QRCodeConvertible.swift */; };
		9DC4886023220E47005FF254 /* QRCodeGenerator.swift in Sources */ = {isa = PBXBuildFile; fileRef = 9DC4885E23220E47005FF254 /* QRCodeGenerator.swift */; };
		9DC48869232222CF005FF254 /* LBXScanNetAnimation.swift in Sources */ = {isa = PBXBuildFile; fileRef = 9DC48862232222CE005FF254 /* LBXScanNetAnimation.swift */; };
		9DC4886A232222CF005FF254 /* LBXScanView.swift in Sources */ = {isa = PBXBuildFile; fileRef = 9DC48863232222CE005FF254 /* LBXScanView.swift */; };
		9DC4886B232222CF005FF254 /* LBXScanViewController.swift in Sources */ = {isa = PBXBuildFile; fileRef = 9DC48864232222CE005FF254 /* LBXScanViewController.swift */; };
		9DC4886C232222CF005FF254 /* LBXScanLineAnimation.swift in Sources */ = {isa = PBXBuildFile; fileRef = 9DC48865232222CE005FF254 /* LBXScanLineAnimation.swift */; };
		9DC4886D232222CF005FF254 /* LBXScanViewStyle.swift in Sources */ = {isa = PBXBuildFile; fileRef = 9DC48866232222CE005FF254 /* LBXScanViewStyle.swift */; };
		9DC4886E232222CF005FF254 /* LBXPermissions.swift in Sources */ = {isa = PBXBuildFile; fileRef = 9DC48867232222CE005FF254 /* LBXPermissions.swift */; };
		9DC4886F232222CF005FF254 /* LBXScanWrapper.swift in Sources */ = {isa = PBXBuildFile; fileRef = 9DC48868232222CE005FF254 /* LBXScanWrapper.swift */; };
		9DC488752322249E005FF254 /* TransferView.swift in Sources */ = {isa = PBXBuildFile; fileRef = 9DC488742322249E005FF254 /* TransferView.swift */; };
		9DC4887C23223204005FF254 /* ScanViewController.swift in Sources */ = {isa = PBXBuildFile; fileRef = 9DC4887B23223204005FF254 /* ScanViewController.swift */; };
		9DC4887E2322320B005FF254 /* ScanView.swift in Sources */ = {isa = PBXBuildFile; fileRef = 9DC4887D2322320B005FF254 /* ScanView.swift */; };
		9DC901E7232628A40097FD85 /* RawTransaction.swift in Sources */ = {isa = PBXBuildFile; fileRef = 9DC901E6232628A40097FD85 /* RawTransaction.swift */; };
		9DC901E923262CB80097FD85 /* TransactionArgument.swift in Sources */ = {isa = PBXBuildFile; fileRef = 9DC901E823262CB80097FD85 /* TransactionArgument.swift */; };
		9DC901EF23274E510097FD85 /* TransactionProgram.swift in Sources */ = {isa = PBXBuildFile; fileRef = 9DC901EE23274E510097FD85 /* TransactionProgram.swift */; };
		9DC901F2232788C30097FD85 /* TransactionAccessPath.swift in Sources */ = {isa = PBXBuildFile; fileRef = 9DC901F1232788C30097FD85 /* TransactionAccessPath.swift */; };
		9DC901F82327A3B70097FD85 /* TransactionWriteSet.swift in Sources */ = {isa = PBXBuildFile; fileRef = 9DC901F72327A3B60097FD85 /* TransactionWriteSet.swift */; };
		9DC902322328C6CC0097FD85 /* LibraAccount.swift in Sources */ = {isa = PBXBuildFile; fileRef = 9DC902312328C6CC0097FD85 /* LibraAccount.swift */; };
		9DC902352328E2E80097FD85 /* LibraRequestResponse.swift in Sources */ = {isa = PBXBuildFile; fileRef = 9DC902342328E2E80097FD85 /* LibraRequestResponse.swift */; };
		9DC9023D2328E8290097FD85 /* CommonData.swift in Sources */ = {isa = PBXBuildFile; fileRef = 9DC9023C2328E8290097FD85 /* CommonData.swift */; };
		9DC9023F2328EA480097FD85 /* MainView.swift in Sources */ = {isa = PBXBuildFile; fileRef = 9DC9023E2328EA480097FD85 /* MainView.swift */; };
		9DC902412328EA640097FD85 /* MainViewController.swift in Sources */ = {isa = PBXBuildFile; fileRef = 9DC902402328EA640097FD85 /* MainViewController.swift */; };
		9DC902432328FC4A0097FD85 /* MainModel.swift in Sources */ = {isa = PBXBuildFile; fileRef = 9DC902422328FC4A0097FD85 /* MainModel.swift */; };
		9DC902452328FCD00097FD85 /* LibraWalletError.swift in Sources */ = {isa = PBXBuildFile; fileRef = 9DC902442328FCD00097FD85 /* LibraWalletError.swift */; };
		9DC902472328FDB90097FD85 /* DataBaseManager.swift in Sources */ = {isa = PBXBuildFile; fileRef = 9DC902462328FDB90097FD85 /* DataBaseManager.swift */; };
/* End PBXBuildFile section */

/* Begin PBXContainerItemProxy section */
		9DA8E2B32317ABC600E28D07 /* PBXContainerItemProxy */ = {
			isa = PBXContainerItemProxy;
			containerPortal = 9DA8E2962317ABC400E28D07 /* Project object */;
			proxyType = 1;
			remoteGlobalIDString = 9DA8E29D2317ABC400E28D07;
			remoteInfo = LibraWallet;
		};
		9DA8E2BE2317ABC600E28D07 /* PBXContainerItemProxy */ = {
			isa = PBXContainerItemProxy;
			containerPortal = 9DA8E2962317ABC400E28D07 /* Project object */;
			proxyType = 1;
			remoteGlobalIDString = 9DA8E29D2317ABC400E28D07;
			remoteInfo = LibraWallet;
		};
/* End PBXContainerItemProxy section */

/* Begin PBXFileReference section */
		4308B3ACDBB4EC274104FA26 /* Pods_LibraWallet.framework */ = {isa = PBXFileReference; explicitFileType = wrapper.framework; includeInIndex = 0; path = Pods_LibraWallet.framework; sourceTree = BUILT_PRODUCTS_DIR; };
		5186520DDD2B7E61F7417817 /* Pods-LibraWalletUITests.release.xcconfig */ = {isa = PBXFileReference; includeInIndex = 1; lastKnownFileType = text.xcconfig; name = "Pods-LibraWalletUITests.release.xcconfig"; path = "Target Support Files/Pods-LibraWalletUITests/Pods-LibraWalletUITests.release.xcconfig"; sourceTree = "<group>"; };
		68DEF872B52FD220FD8C8434 /* Pods_LibraWalletTests.framework */ = {isa = PBXFileReference; explicitFileType = wrapper.framework; includeInIndex = 0; path = Pods_LibraWalletTests.framework; sourceTree = BUILT_PRODUCTS_DIR; };
		7378AE2C0E4A760533962991 /* Pods-LibraWalletTests.release.xcconfig */ = {isa = PBXFileReference; includeInIndex = 1; lastKnownFileType = text.xcconfig; name = "Pods-LibraWalletTests.release.xcconfig"; path = "Target Support Files/Pods-LibraWalletTests/Pods-LibraWalletTests.release.xcconfig"; sourceTree = "<group>"; };
		9D08AD362330BA75004687E8 /* NetworkManager.swift */ = {isa = PBXFileReference; lastKnownFileType = sourcecode.swift; path = NetworkManager.swift; sourceTree = "<group>"; };
		9D08AD3C2330CE21004687E8 /* TransactionsViewController.swift */ = {isa = PBXFileReference; lastKnownFileType = sourcecode.swift; path = TransactionsViewController.swift; sourceTree = "<group>"; };
		9D08AD3E2330CE2F004687E8 /* TransactionsModel.swift */ = {isa = PBXFileReference; lastKnownFileType = sourcecode.swift; path = TransactionsModel.swift; sourceTree = "<group>"; };
		9D08AD402330CE3E004687E8 /* TransactionsView.swift */ = {isa = PBXFileReference; lastKnownFileType = sourcecode.swift; path = TransactionsView.swift; sourceTree = "<group>"; };
		9D08AD422330D03C004687E8 /* TransactionsViewTableViewManager.swift */ = {isa = PBXFileReference; lastKnownFileType = sourcecode.swift; path = TransactionsViewTableViewManager.swift; sourceTree = "<group>"; };
		9D08AD442330D07E004687E8 /* TransactionsTableViewCell.swift */ = {isa = PBXFileReference; lastKnownFileType = sourcecode.swift; path = TransactionsTableViewCell.swift; sourceTree = "<group>"; };
		9D08AD4A2330D8E6004687E8 /* TransactionDetailWebViewController.swift */ = {isa = PBXFileReference; lastKnownFileType = sourcecode.swift; path = TransactionDetailWebViewController.swift; sourceTree = "<group>"; };
		9D08AD4C2330D8F5004687E8 /* TransactionDetailWebView.swift */ = {isa = PBXFileReference; lastKnownFileType = sourcecode.swift; path = TransactionDetailWebView.swift; sourceTree = "<group>"; };
		9D1A614B233204E2009DDA07 /* BaseViewController.swift */ = {isa = PBXFileReference; lastKnownFileType = sourcecode.swift; path = BaseViewController.swift; sourceTree = "<group>"; };
		9D1A614E23320926009DDA07 /* TransactionsViewModel.swift */ = {isa = PBXFileReference; lastKnownFileType = sourcecode.swift; path = TransactionsViewModel.swift; sourceTree = "<group>"; };
		9D7124352329EA1C009DED52 /* en */ = {isa = PBXFileReference; lastKnownFileType = text.plist.strings; name = en; path = en.lproj/Localizable.strings; sourceTree = "<group>"; };
		9D7124372329EA3E009DED52 /* zh-Hans */ = {isa = PBXFileReference; lastKnownFileType = text.plist.strings; name = "zh-Hans"; path = "zh-Hans.lproj/Localizable.strings"; sourceTree = "<group>"; };
		9D71243C2329F183009DED52 /* WalletCreateViewController.swift */ = {isa = PBXFileReference; lastKnownFileType = sourcecode.swift; path = WalletCreateViewController.swift; sourceTree = "<group>"; };
		9D71243E2329F190009DED52 /* WalletCreateView.swift */ = {isa = PBXFileReference; lastKnownFileType = sourcecode.swift; path = WalletCreateView.swift; sourceTree = "<group>"; };
		9D712440232F621B009DED52 /* LibraWalletTool.swift */ = {isa = PBXFileReference; lastKnownFileType = sourcecode.swift; path = LibraWalletTool.swift; sourceTree = "<group>"; };
		9D712442232F7662009DED52 /* Assets.xcassets */ = {isa = PBXFileReference; lastKnownFileType = folder.assetcatalog; path = Assets.xcassets; sourceTree = "<group>"; };
		9D712444232F7C36009DED52 /* TransferModel.swift */ = {isa = PBXFileReference; lastKnownFileType = sourcecode.swift; path = TransferModel.swift; sourceTree = "<group>"; };
		9D84C2D6234DBA6A00034839 /* access_path.pb.swift */ = {isa = PBXFileReference; fileEncoding = 4; lastKnownFileType = sourcecode.swift; path = access_path.pb.swift; sourceTree = "<group>"; };
		9D84C2D7234DBA6A00034839 /* ledger_info.pb.swift */ = {isa = PBXFileReference; fileEncoding = 4; lastKnownFileType = sourcecode.swift; path = ledger_info.pb.swift; sourceTree = "<group>"; };
		9D84C2D8234DBA6A00034839 /* vm_errors.pb.swift */ = {isa = PBXFileReference; fileEncoding = 4; lastKnownFileType = sourcecode.swift; path = vm_errors.pb.swift; sourceTree = "<group>"; };
		9D84C2D9234DBA6B00034839 /* events.pb.swift */ = {isa = PBXFileReference; fileEncoding = 4; lastKnownFileType = sourcecode.swift; path = events.pb.swift; sourceTree = "<group>"; };
		9D84C2DA234DBA6B00034839 /* mempool.grpc.swift */ = {isa = PBXFileReference; fileEncoding = 4; lastKnownFileType = sourcecode.swift; path = mempool.grpc.swift; sourceTree = "<group>"; };
		9D84C2DB234DBA6B00034839 /* admission_control.grpc.swift */ = {isa = PBXFileReference; fileEncoding = 4; lastKnownFileType = sourcecode.swift; path = admission_control.grpc.swift; sourceTree = "<group>"; };
		9D84C2DC234DBA6B00034839 /* get_with_proof.pb.swift */ = {isa = PBXFileReference; fileEncoding = 4; lastKnownFileType = sourcecode.swift; path = get_with_proof.pb.swift; sourceTree = "<group>"; };
		9D84C2DD234DBA6B00034839 /* validator_set.pb.swift */ = {isa = PBXFileReference; fileEncoding = 4; lastKnownFileType = sourcecode.swift; path = validator_set.pb.swift; sourceTree = "<group>"; };
		9D84C2DE234DBA6B00034839 /* mempool.pb.swift */ = {isa = PBXFileReference; fileEncoding = 4; lastKnownFileType = sourcecode.swift; path = mempool.pb.swift; sourceTree = "<group>"; };
		9D84C2DF234DBA6B00034839 /* transaction_info.pb.swift */ = {isa = PBXFileReference; fileEncoding = 4; lastKnownFileType = sourcecode.swift; path = transaction_info.pb.swift; sourceTree = "<group>"; };
		9D84C2E0234DBA6B00034839 /* transaction.pb.swift */ = {isa = PBXFileReference; fileEncoding = 4; lastKnownFileType = sourcecode.swift; path = transaction.pb.swift; sourceTree = "<group>"; };
		9D84C2E1234DBA6C00034839 /* validator_public_keys.pb.swift */ = {isa = PBXFileReference; fileEncoding = 4; lastKnownFileType = sourcecode.swift; path = validator_public_keys.pb.swift; sourceTree = "<group>"; };
		9D84C2E2234DBA6C00034839 /* language_storage.pb.swift */ = {isa = PBXFileReference; fileEncoding = 4; lastKnownFileType = sourcecode.swift; path = language_storage.pb.swift; sourceTree = "<group>"; };
		9D84C2E3234DBA6C00034839 /* mempool_status.pb.swift */ = {isa = PBXFileReference; fileEncoding = 4; lastKnownFileType = sourcecode.swift; path = mempool_status.pb.swift; sourceTree = "<group>"; };
		9D84C2E4234DBA6C00034839 /* admission_control.pb.swift */ = {isa = PBXFileReference; fileEncoding = 4; lastKnownFileType = sourcecode.swift; path = admission_control.pb.swift; sourceTree = "<group>"; };
		9D84C2E5234DBA6C00034839 /* account_state_blob.pb.swift */ = {isa = PBXFileReference; fileEncoding = 4; lastKnownFileType = sourcecode.swift; path = account_state_blob.pb.swift; sourceTree = "<group>"; };
		9D84C2E6234DBA6C00034839 /* validator_change.pb.swift */ = {isa = PBXFileReference; fileEncoding = 4; lastKnownFileType = sourcecode.swift; path = validator_change.pb.swift; sourceTree = "<group>"; };
		9D84C2E7234DBA6C00034839 /* proof.pb.swift */ = {isa = PBXFileReference; fileEncoding = 4; lastKnownFileType = sourcecode.swift; path = proof.pb.swift; sourceTree = "<group>"; };
		9DA8E29E2317ABC400E28D07 /* LibraWallet.app */ = {isa = PBXFileReference; explicitFileType = wrapper.application; includeInIndex = 0; path = LibraWallet.app; sourceTree = BUILT_PRODUCTS_DIR; };
		9DA8E2A12317ABC400E28D07 /* AppDelegate.swift */ = {isa = PBXFileReference; lastKnownFileType = sourcecode.swift; path = AppDelegate.swift; sourceTree = "<group>"; };
		9DA8E2AB2317ABC600E28D07 /* Base */ = {isa = PBXFileReference; lastKnownFileType = file.storyboard; name = Base; path = Base.lproj/LaunchScreen.storyboard; sourceTree = "<group>"; };
		9DA8E2AD2317ABC600E28D07 /* Info.plist */ = {isa = PBXFileReference; lastKnownFileType = text.plist.xml; path = Info.plist; sourceTree = "<group>"; };
		9DA8E2B22317ABC600E28D07 /* LibraWalletTests.xctest */ = {isa = PBXFileReference; explicitFileType = wrapper.cfbundle; includeInIndex = 0; path = LibraWalletTests.xctest; sourceTree = BUILT_PRODUCTS_DIR; };
		9DA8E2B62317ABC600E28D07 /* LibraWalletTests.swift */ = {isa = PBXFileReference; lastKnownFileType = sourcecode.swift; path = LibraWalletTests.swift; sourceTree = "<group>"; };
		9DA8E2B82317ABC600E28D07 /* Info.plist */ = {isa = PBXFileReference; lastKnownFileType = text.plist.xml; path = Info.plist; sourceTree = "<group>"; };
		9DA8E2BD2317ABC600E28D07 /* LibraWalletUITests.xctest */ = {isa = PBXFileReference; explicitFileType = wrapper.cfbundle; includeInIndex = 0; path = LibraWalletUITests.xctest; sourceTree = BUILT_PRODUCTS_DIR; };
		9DA8E2C12317ABC600E28D07 /* LibraWalletUITests.swift */ = {isa = PBXFileReference; lastKnownFileType = sourcecode.swift; path = LibraWalletUITests.swift; sourceTree = "<group>"; };
		9DA8E2C32317ABC600E28D07 /* Info.plist */ = {isa = PBXFileReference; lastKnownFileType = text.plist.xml; path = Info.plist; sourceTree = "<group>"; };
		9DBC266E23405B41009650EA /* LibraWallet.entitlements */ = {isa = PBXFileReference; lastKnownFileType = text.plist.entitlements; path = LibraWallet.entitlements; sourceTree = "<group>"; };
		9DBC267023408D54009650EA /* ed25519_sc.swift */ = {isa = PBXFileReference; fileEncoding = 4; lastKnownFileType = sourcecode.swift; path = ed25519_sc.swift; sourceTree = "<group>"; };
		9DBC267123408D54009650EA /* ed25519_utility.swift */ = {isa = PBXFileReference; fileEncoding = 4; lastKnownFileType = sourcecode.swift; path = ed25519_utility.swift; sourceTree = "<group>"; };
		9DBC267223408D54009650EA /* ed25519_ge.swift */ = {isa = PBXFileReference; fileEncoding = 4; lastKnownFileType = sourcecode.swift; path = ed25519_ge.swift; sourceTree = "<group>"; };
		9DBC267323408D55009650EA /* ed25519_sign.swift */ = {isa = PBXFileReference; fileEncoding = 4; lastKnownFileType = sourcecode.swift; path = ed25519_sign.swift; sourceTree = "<group>"; };
		9DBC267423408D55009650EA /* ed25519_verify.swift */ = {isa = PBXFileReference; fileEncoding = 4; lastKnownFileType = sourcecode.swift; path = ed25519_verify.swift; sourceTree = "<group>"; };
		9DBC267523408D55009650EA /* ed25519_fe.swift */ = {isa = PBXFileReference; fileEncoding = 4; lastKnownFileType = sourcecode.swift; path = ed25519_fe.swift; sourceTree = "<group>"; };
		9DC487FC2320AF4E005FF254 /* LibraWallet.swift */ = {isa = PBXFileReference; lastKnownFileType = sourcecode.swift; path = LibraWallet.swift; sourceTree = "<group>"; };
		9DC487FE2320AFB8005FF254 /* LibraError.swift */ = {isa = PBXFileReference; lastKnownFileType = sourcecode.swift; path = LibraError.swift; sourceTree = "<group>"; };
		9DC488002320BE88005FF254 /* LibraNetwork.swift */ = {isa = PBXFileReference; lastKnownFileType = sourcecode.swift; path = LibraNetwork.swift; sourceTree = "<group>"; };
		9DC488022320D6A1005FF254 /* LibraMnemonic.swift */ = {isa = PBXFileReference; lastKnownFileType = sourcecode.swift; path = LibraMnemonic.swift; sourceTree = "<group>"; };
		9DC488042320DBCB005FF254 /* LibraPublicKey.swift */ = {isa = PBXFileReference; lastKnownFileType = sourcecode.swift; path = LibraPublicKey.swift; sourceTree = "<group>"; };
		9DC488062320E419005FF254 /* LibraSDKTests.swift */ = {isa = PBXFileReference; lastKnownFileType = sourcecode.swift; path = LibraSDKTests.swift; sourceTree = "<group>"; };
		9DC4880A2320E6C1005FF254 /* LibraPrivateKey.swift */ = {isa = PBXFileReference; lastKnownFileType = sourcecode.swift; path = LibraPrivateKey.swift; sourceTree = "<group>"; };
		9DC4880C2320EDF8005FF254 /* LibraUtils.swift */ = {isa = PBXFileReference; lastKnownFileType = sourcecode.swift; path = LibraUtils.swift; sourceTree = "<group>"; };
		9DC4880E2320EE4C005FF254 /* LibraTransaction.swift */ = {isa = PBXFileReference; lastKnownFileType = sourcecode.swift; path = LibraTransaction.swift; sourceTree = "<group>"; };
		9DC4884823211180005FF254 /* LibraWalletManager.swift */ = {isa = PBXFileReference; lastKnownFileType = sourcecode.swift; path = LibraWalletManager.swift; sourceTree = "<group>"; };
		9DC4884A232111E9005FF254 /* TransferViewController.swift */ = {isa = PBXFileReference; lastKnownFileType = sourcecode.swift; path = TransferViewController.swift; sourceTree = "<group>"; };
		9DC4884E2321F051005FF254 /* WordList.swift */ = {isa = PBXFileReference; fileEncoding = 4; lastKnownFileType = sourcecode.swift; path = WordList.swift; sourceTree = "<group>"; };
		9DC4885423220D6D005FF254 /* WalletReceiveViewController.swift */ = {isa = PBXFileReference; lastKnownFileType = sourcecode.swift; path = WalletReceiveViewController.swift; sourceTree = "<group>"; };
		9DC4885923220DA6005FF254 /* WalletReceiveView.swift */ = {isa = PBXFileReference; lastKnownFileType = sourcecode.swift; path = WalletReceiveView.swift; sourceTree = "<group>"; };
		9DC4885D23220E47005FF254 /* QRCodeConvertible.swift */ = {isa = PBXFileReference; fileEncoding = 4; lastKnownFileType = sourcecode.swift; path = QRCodeConvertible.swift; sourceTree = "<group>"; };
		9DC4885E23220E47005FF254 /* QRCodeGenerator.swift */ = {isa = PBXFileReference; fileEncoding = 4; lastKnownFileType = sourcecode.swift; path = QRCodeGenerator.swift; sourceTree = "<group>"; };
		9DC48862232222CE005FF254 /* LBXScanNetAnimation.swift */ = {isa = PBXFileReference; fileEncoding = 4; lastKnownFileType = sourcecode.swift; path = LBXScanNetAnimation.swift; sourceTree = "<group>"; };
		9DC48863232222CE005FF254 /* LBXScanView.swift */ = {isa = PBXFileReference; fileEncoding = 4; lastKnownFileType = sourcecode.swift; path = LBXScanView.swift; sourceTree = "<group>"; };
		9DC48864232222CE005FF254 /* LBXScanViewController.swift */ = {isa = PBXFileReference; fileEncoding = 4; lastKnownFileType = sourcecode.swift; path = LBXScanViewController.swift; sourceTree = "<group>"; };
		9DC48865232222CE005FF254 /* LBXScanLineAnimation.swift */ = {isa = PBXFileReference; fileEncoding = 4; lastKnownFileType = sourcecode.swift; path = LBXScanLineAnimation.swift; sourceTree = "<group>"; };
		9DC48866232222CE005FF254 /* LBXScanViewStyle.swift */ = {isa = PBXFileReference; fileEncoding = 4; lastKnownFileType = sourcecode.swift; path = LBXScanViewStyle.swift; sourceTree = "<group>"; };
		9DC48867232222CE005FF254 /* LBXPermissions.swift */ = {isa = PBXFileReference; fileEncoding = 4; lastKnownFileType = sourcecode.swift; path = LBXPermissions.swift; sourceTree = "<group>"; };
		9DC48868232222CE005FF254 /* LBXScanWrapper.swift */ = {isa = PBXFileReference; fileEncoding = 4; lastKnownFileType = sourcecode.swift; path = LBXScanWrapper.swift; sourceTree = "<group>"; };
		9DC488742322249E005FF254 /* TransferView.swift */ = {isa = PBXFileReference; lastKnownFileType = sourcecode.swift; path = TransferView.swift; sourceTree = "<group>"; };
		9DC4887B23223204005FF254 /* ScanViewController.swift */ = {isa = PBXFileReference; fileEncoding = 4; lastKnownFileType = sourcecode.swift; path = ScanViewController.swift; sourceTree = "<group>"; };
		9DC4887D2322320B005FF254 /* ScanView.swift */ = {isa = PBXFileReference; fileEncoding = 4; lastKnownFileType = sourcecode.swift; path = ScanView.swift; sourceTree = "<group>"; };
		9DC901E6232628A40097FD85 /* RawTransaction.swift */ = {isa = PBXFileReference; lastKnownFileType = sourcecode.swift; path = RawTransaction.swift; sourceTree = "<group>"; };
		9DC901E823262CB80097FD85 /* TransactionArgument.swift */ = {isa = PBXFileReference; lastKnownFileType = sourcecode.swift; path = TransactionArgument.swift; sourceTree = "<group>"; };
		9DC901EE23274E510097FD85 /* TransactionProgram.swift */ = {isa = PBXFileReference; lastKnownFileType = sourcecode.swift; path = TransactionProgram.swift; sourceTree = "<group>"; };
		9DC901F1232788C30097FD85 /* TransactionAccessPath.swift */ = {isa = PBXFileReference; lastKnownFileType = sourcecode.swift; path = TransactionAccessPath.swift; sourceTree = "<group>"; };
		9DC901F72327A3B60097FD85 /* TransactionWriteSet.swift */ = {isa = PBXFileReference; fileEncoding = 4; lastKnownFileType = sourcecode.swift; path = TransactionWriteSet.swift; sourceTree = "<group>"; };
		9DC902312328C6CC0097FD85 /* LibraAccount.swift */ = {isa = PBXFileReference; lastKnownFileType = sourcecode.swift; path = LibraAccount.swift; sourceTree = "<group>"; };
		9DC902342328E2E80097FD85 /* LibraRequestResponse.swift */ = {isa = PBXFileReference; lastKnownFileType = sourcecode.swift; path = LibraRequestResponse.swift; sourceTree = "<group>"; };
		9DC9023C2328E8290097FD85 /* CommonData.swift */ = {isa = PBXFileReference; lastKnownFileType = sourcecode.swift; path = CommonData.swift; sourceTree = "<group>"; };
		9DC9023E2328EA480097FD85 /* MainView.swift */ = {isa = PBXFileReference; lastKnownFileType = sourcecode.swift; path = MainView.swift; sourceTree = "<group>"; };
		9DC902402328EA640097FD85 /* MainViewController.swift */ = {isa = PBXFileReference; lastKnownFileType = sourcecode.swift; path = MainViewController.swift; sourceTree = "<group>"; };
		9DC902422328FC4A0097FD85 /* MainModel.swift */ = {isa = PBXFileReference; lastKnownFileType = sourcecode.swift; path = MainModel.swift; sourceTree = "<group>"; };
		9DC902442328FCD00097FD85 /* LibraWalletError.swift */ = {isa = PBXFileReference; lastKnownFileType = sourcecode.swift; path = LibraWalletError.swift; sourceTree = "<group>"; };
		9DC902462328FDB90097FD85 /* DataBaseManager.swift */ = {isa = PBXFileReference; lastKnownFileType = sourcecode.swift; path = DataBaseManager.swift; sourceTree = "<group>"; };
		A0BB048939C1729A911C1FC8 /* Pods-LibraWallet.release.xcconfig */ = {isa = PBXFileReference; includeInIndex = 1; lastKnownFileType = text.xcconfig; name = "Pods-LibraWallet.release.xcconfig"; path = "Target Support Files/Pods-LibraWallet/Pods-LibraWallet.release.xcconfig"; sourceTree = "<group>"; };
		B53FCCF097BEA491ED046F0A /* Pods-LibraWallet.debug.xcconfig */ = {isa = PBXFileReference; includeInIndex = 1; lastKnownFileType = text.xcconfig; name = "Pods-LibraWallet.debug.xcconfig"; path = "Target Support Files/Pods-LibraWallet/Pods-LibraWallet.debug.xcconfig"; sourceTree = "<group>"; };
		CC19B6BCD5C39DC5526FDDC4 /* Pods-LibraWalletUITests.debug.xcconfig */ = {isa = PBXFileReference; includeInIndex = 1; lastKnownFileType = text.xcconfig; name = "Pods-LibraWalletUITests.debug.xcconfig"; path = "Target Support Files/Pods-LibraWalletUITests/Pods-LibraWalletUITests.debug.xcconfig"; sourceTree = "<group>"; };
		D2E0E83CD4617090AC4DEFF6 /* Pods-LibraWalletTests.debug.xcconfig */ = {isa = PBXFileReference; includeInIndex = 1; lastKnownFileType = text.xcconfig; name = "Pods-LibraWalletTests.debug.xcconfig"; path = "Target Support Files/Pods-LibraWalletTests/Pods-LibraWalletTests.debug.xcconfig"; sourceTree = "<group>"; };
		F7658E656E8E8976B3E75152 /* Pods_LibraWalletUITests.framework */ = {isa = PBXFileReference; explicitFileType = wrapper.framework; includeInIndex = 0; path = Pods_LibraWalletUITests.framework; sourceTree = BUILT_PRODUCTS_DIR; };
/* End PBXFileReference section */

/* Begin PBXFrameworksBuildPhase section */
		9DA8E29B2317ABC400E28D07 /* Frameworks */ = {
			isa = PBXFrameworksBuildPhase;
			buildActionMask = 2147483647;
			files = (
				1A8251333880EBAB4D609292 /* Pods_LibraWallet.framework in Frameworks */,
			);
			runOnlyForDeploymentPostprocessing = 0;
		};
		9DA8E2AF2317ABC600E28D07 /* Frameworks */ = {
			isa = PBXFrameworksBuildPhase;
			buildActionMask = 2147483647;
			files = (
				84F942D4E0AB7CC3C4350654 /* Pods_LibraWalletTests.framework in Frameworks */,
			);
			runOnlyForDeploymentPostprocessing = 0;
		};
		9DA8E2BA2317ABC600E28D07 /* Frameworks */ = {
			isa = PBXFrameworksBuildPhase;
			buildActionMask = 2147483647;
			files = (
				01694EF4D3F368EB6A685132 /* Pods_LibraWalletUITests.framework in Frameworks */,
			);
			runOnlyForDeploymentPostprocessing = 0;
		};
/* End PBXFrameworksBuildPhase section */

/* Begin PBXGroup section */
		8A31C9F53C56F3885EBFF128 /* Pods */ = {
			isa = PBXGroup;
			children = (
				B53FCCF097BEA491ED046F0A /* Pods-LibraWallet.debug.xcconfig */,
				A0BB048939C1729A911C1FC8 /* Pods-LibraWallet.release.xcconfig */,
				D2E0E83CD4617090AC4DEFF6 /* Pods-LibraWalletTests.debug.xcconfig */,
				7378AE2C0E4A760533962991 /* Pods-LibraWalletTests.release.xcconfig */,
				CC19B6BCD5C39DC5526FDDC4 /* Pods-LibraWalletUITests.debug.xcconfig */,
				5186520DDD2B7E61F7417817 /* Pods-LibraWalletUITests.release.xcconfig */,
			);
			path = Pods;
			sourceTree = "<group>";
		};
		9D08AD382330CDED004687E8 /* TransactionHistory */ = {
			isa = PBXGroup;
			children = (
				9D406FD9233215E300A8BCC9 /* TabViewManager */,
				9D08AD3B2330CE05004687E8 /* Controller */,
				9D08AD3A2330CE00004687E8 /* Model */,
				9D1A614D233208B6009DDA07 /* ViewModel */,
				9D08AD392330CDFB004687E8 /* View */,
			);
			path = TransactionHistory;
			sourceTree = "<group>";
		};
		9D08AD392330CDFB004687E8 /* View */ = {
			isa = PBXGroup;
			children = (
				9D08AD402330CE3E004687E8 /* TransactionsView.swift */,
				9D08AD442330D07E004687E8 /* TransactionsTableViewCell.swift */,
			);
			path = View;
			sourceTree = "<group>";
		};
		9D08AD3A2330CE00004687E8 /* Model */ = {
			isa = PBXGroup;
			children = (
				9D08AD3E2330CE2F004687E8 /* TransactionsModel.swift */,
			);
			path = Model;
			sourceTree = "<group>";
		};
		9D08AD3B2330CE05004687E8 /* Controller */ = {
			isa = PBXGroup;
			children = (
				9D08AD3C2330CE21004687E8 /* TransactionsViewController.swift */,
			);
			path = Controller;
			sourceTree = "<group>";
		};
		9D08AD462330D873004687E8 /* TransactionDetailWebView */ = {
			isa = PBXGroup;
			children = (
				9D08AD492330D88C004687E8 /* Controller */,
				9D08AD482330D887004687E8 /* Model */,
				9D08AD472330D882004687E8 /* View */,
			);
			path = TransactionDetailWebView;
			sourceTree = "<group>";
		};
		9D08AD472330D882004687E8 /* View */ = {
			isa = PBXGroup;
			children = (
				9D08AD4C2330D8F5004687E8 /* TransactionDetailWebView.swift */,
			);
			path = View;
			sourceTree = "<group>";
		};
		9D08AD482330D887004687E8 /* Model */ = {
			isa = PBXGroup;
			children = (
			);
			path = Model;
			sourceTree = "<group>";
		};
		9D08AD492330D88C004687E8 /* Controller */ = {
			isa = PBXGroup;
			children = (
				9D08AD4A2330D8E6004687E8 /* TransactionDetailWebViewController.swift */,
			);
			path = Controller;
			sourceTree = "<group>";
		};
		9D1A6147233204B1009DDA07 /* Base */ = {
			isa = PBXGroup;
			children = (
				9D1A614A233204CF009DDA07 /* Controller */,
				9D1A6149233204CA009DDA07 /* Model */,
				9D1A6148233204BD009DDA07 /* View */,
			);
			path = Base;
			sourceTree = "<group>";
		};
		9D1A6148233204BD009DDA07 /* View */ = {
			isa = PBXGroup;
			children = (
			);
			path = View;
			sourceTree = "<group>";
		};
		9D1A6149233204CA009DDA07 /* Model */ = {
			isa = PBXGroup;
			children = (
			);
			path = Model;
			sourceTree = "<group>";
		};
		9D1A614A233204CF009DDA07 /* Controller */ = {
			isa = PBXGroup;
			children = (
				9D1A614B233204E2009DDA07 /* BaseViewController.swift */,
			);
			path = Controller;
			sourceTree = "<group>";
		};
		9D1A614D233208B6009DDA07 /* ViewModel */ = {
			isa = PBXGroup;
			children = (
				9D1A614E23320926009DDA07 /* TransactionsViewModel.swift */,
			);
			path = ViewModel;
			sourceTree = "<group>";
		};
		9D406FD9233215E300A8BCC9 /* TabViewManager */ = {
			isa = PBXGroup;
			children = (
				9D08AD422330D03C004687E8 /* TransactionsViewTableViewManager.swift */,
			);
			path = TabViewManager;
			sourceTree = "<group>";
		};
		9D7124252329E870009DED52 /* Macro */ = {
			isa = PBXGroup;
			children = (
				9D7124362329EA1C009DED52 /* Localizable.strings */,
			);
			path = Macro;
			sourceTree = "<group>";
		};
		9D7124382329F106009DED52 /* WalletCreate */ = {
			isa = PBXGroup;
			children = (
				9D71243B2329F14B009DED52 /* Controller */,
				9D71243A2329F146009DED52 /* Model */,
				9D7124392329F141009DED52 /* View */,
			);
			path = WalletCreate;
			sourceTree = "<group>";
		};
		9D7124392329F141009DED52 /* View */ = {
			isa = PBXGroup;
			children = (
				9D71243E2329F190009DED52 /* WalletCreateView.swift */,
			);
			path = View;
			sourceTree = "<group>";
		};
		9D71243A2329F146009DED52 /* Model */ = {
			isa = PBXGroup;
			children = (
			);
			path = Model;
			sourceTree = "<group>";
		};
		9D71243B2329F14B009DED52 /* Controller */ = {
			isa = PBXGroup;
			children = (
				9D71243C2329F183009DED52 /* WalletCreateViewController.swift */,
			);
			path = Controller;
			sourceTree = "<group>";
		};
		9DA8E2952317ABC400E28D07 = {
			isa = PBXGroup;
			children = (
				9DA8E2A02317ABC400E28D07 /* LibraWallet */,
				9DA8E2B52317ABC600E28D07 /* LibraWalletTests */,
				9DA8E2C02317ABC600E28D07 /* LibraWalletUITests */,
				9DA8E29F2317ABC400E28D07 /* Products */,
				8A31C9F53C56F3885EBFF128 /* Pods */,
				A7902CF620DABC30E1C74270 /* Frameworks */,
			);
			sourceTree = "<group>";
		};
		9DA8E29F2317ABC400E28D07 /* Products */ = {
			isa = PBXGroup;
			children = (
				9DA8E29E2317ABC400E28D07 /* LibraWallet.app */,
				9DA8E2B22317ABC600E28D07 /* LibraWalletTests.xctest */,
				9DA8E2BD2317ABC600E28D07 /* LibraWalletUITests.xctest */,
			);
			name = Products;
			sourceTree = "<group>";
		};
		9DA8E2A02317ABC400E28D07 /* LibraWallet */ = {
			isa = PBXGroup;
			children = (
				9DBC266E23405B41009650EA /* LibraWallet.entitlements */,
				9DA8E2A12317ABC400E28D07 /* AppDelegate.swift */,
				9DC902362328E7820097FD85 /* Sections */,
				9DC4885B23220E30005FF254 /* Vendors */,
				9DC9023B2328E7E60097FD85 /* Tools */,
				9DA8E2AA2317ABC600E28D07 /* LaunchScreen.storyboard */,
				9DA8E2AD2317ABC600E28D07 /* Info.plist */,
				9D712442232F7662009DED52 /* Assets.xcassets */,
				9D7124252329E870009DED52 /* Macro */,
			);
			path = LibraWallet;
			sourceTree = "<group>";
		};
		9DA8E2B52317ABC600E28D07 /* LibraWalletTests */ = {
			isa = PBXGroup;
			children = (
				9DA8E2B62317ABC600E28D07 /* LibraWalletTests.swift */,
				9DC488062320E419005FF254 /* LibraSDKTests.swift */,
				9DA8E2B82317ABC600E28D07 /* Info.plist */,
			);
			path = LibraWalletTests;
			sourceTree = "<group>";
		};
		9DA8E2C02317ABC600E28D07 /* LibraWalletUITests */ = {
			isa = PBXGroup;
			children = (
				9DA8E2C12317ABC600E28D07 /* LibraWalletUITests.swift */,
				9DA8E2C32317ABC600E28D07 /* Info.plist */,
			);
			path = LibraWalletUITests;
			sourceTree = "<group>";
		};
		9DBC266F23408D3A009650EA /* ED25519 */ = {
			isa = PBXGroup;
			children = (
				9DBC267523408D55009650EA /* ed25519_fe.swift */,
				9DBC267223408D54009650EA /* ed25519_ge.swift */,
				9DBC267023408D54009650EA /* ed25519_sc.swift */,
				9DBC267323408D55009650EA /* ed25519_sign.swift */,
				9DBC267123408D54009650EA /* ed25519_utility.swift */,
				9DBC267423408D55009650EA /* ed25519_verify.swift */,
			);
			path = ED25519;
			sourceTree = "<group>";
		};
		9DC487F9231FA0C6005FF254 /* LibraKit */ = {
			isa = PBXGroup;
			children = (
				9DC901E5232628860097FD85 /* MakeTransaction */,
				9DC902332328E27B0097FD85 /* Request */,
				9DC487FC2320AF4E005FF254 /* LibraWallet.swift */,
				9DC488042320DBCB005FF254 /* LibraPublicKey.swift */,
				9DC4880A2320E6C1005FF254 /* LibraPrivateKey.swift */,
				9DC487FE2320AFB8005FF254 /* LibraError.swift */,
				9DC488002320BE88005FF254 /* LibraNetwork.swift */,
				9DC4880C2320EDF8005FF254 /* LibraUtils.swift */,
				9DC4880E2320EE4C005FF254 /* LibraTransaction.swift */,
				9DC488022320D6A1005FF254 /* LibraMnemonic.swift */,
				9DC4884E2321F051005FF254 /* WordList.swift */,
			);
			path = LibraKit;
			sourceTree = "<group>";
		};
		9DC4885623220D73005FF254 /* Receive */ = {
			isa = PBXGroup;
			children = (
				9DC4885823220D89005FF254 /* Controller */,
				9DC4885723220D84005FF254 /* View */,
			);
			path = Receive;
			sourceTree = "<group>";
		};
		9DC4885723220D84005FF254 /* View */ = {
			isa = PBXGroup;
			children = (
				9DC4885923220DA6005FF254 /* WalletReceiveView.swift */,
			);
			path = View;
			sourceTree = "<group>";
		};
		9DC4885823220D89005FF254 /* Controller */ = {
			isa = PBXGroup;
			children = (
				9DC4885423220D6D005FF254 /* WalletReceiveViewController.swift */,
			);
			path = Controller;
			sourceTree = "<group>";
		};
		9DC4885B23220E30005FF254 /* Vendors */ = {
			isa = PBXGroup;
			children = (
				9DBC266F23408D3A009650EA /* ED25519 */,
				9DC487F9231FA0C6005FF254 /* LibraKit */,
				9DC57A18231CECFE00989173 /* Protobuf */,
				9DC48861232222CE005FF254 /* SwiftScan */,
				9DC4885C23220E46005FF254 /* QRCode */,
			);
			path = Vendors;
			sourceTree = "<group>";
		};
		9DC4885C23220E46005FF254 /* QRCode */ = {
			isa = PBXGroup;
			children = (
				9DC4885D23220E47005FF254 /* QRCodeConvertible.swift */,
				9DC4885E23220E47005FF254 /* QRCodeGenerator.swift */,
			);
			path = QRCode;
			sourceTree = "<group>";
		};
		9DC48861232222CE005FF254 /* SwiftScan */ = {
			isa = PBXGroup;
			children = (
				9DC48862232222CE005FF254 /* LBXScanNetAnimation.swift */,
				9DC48863232222CE005FF254 /* LBXScanView.swift */,
				9DC48864232222CE005FF254 /* LBXScanViewController.swift */,
				9DC48865232222CE005FF254 /* LBXScanLineAnimation.swift */,
				9DC48866232222CE005FF254 /* LBXScanViewStyle.swift */,
				9DC48867232222CE005FF254 /* LBXPermissions.swift */,
				9DC48868232222CE005FF254 /* LBXScanWrapper.swift */,
			);
			path = SwiftScan;
			sourceTree = "<group>";
		};
		9DC488702322246E005FF254 /* Transfer */ = {
			isa = PBXGroup;
			children = (
				9DC488732322248C005FF254 /* Controller */,
				9DC4887223222487005FF254 /* Model */,
				9DC4887123222482005FF254 /* View */,
			);
			path = Transfer;
			sourceTree = "<group>";
		};
		9DC4887123222482005FF254 /* View */ = {
			isa = PBXGroup;
			children = (
				9DC488742322249E005FF254 /* TransferView.swift */,
			);
			path = View;
			sourceTree = "<group>";
		};
		9DC4887223222487005FF254 /* Model */ = {
			isa = PBXGroup;
			children = (
				9D712444232F7C36009DED52 /* TransferModel.swift */,
			);
			path = Model;
			sourceTree = "<group>";
		};
		9DC488732322248C005FF254 /* Controller */ = {
			isa = PBXGroup;
			children = (
				9DC4884A232111E9005FF254 /* TransferViewController.swift */,
			);
			path = Controller;
			sourceTree = "<group>";
		};
		9DC48878232231DA005FF254 /* Scan */ = {
			isa = PBXGroup;
			children = (
				9DC4887A232231E5005FF254 /* Controller */,
				9DC48879232231E0005FF254 /* View */,
			);
			path = Scan;
			sourceTree = "<group>";
		};
		9DC48879232231E0005FF254 /* View */ = {
			isa = PBXGroup;
			children = (
				9DC4887D2322320B005FF254 /* ScanView.swift */,
			);
			path = View;
			sourceTree = "<group>";
		};
		9DC4887A232231E5005FF254 /* Controller */ = {
			isa = PBXGroup;
			children = (
				9DC4887B23223204005FF254 /* ScanViewController.swift */,
			);
			path = Controller;
			sourceTree = "<group>";
		};
		9DC57A18231CECFE00989173 /* Protobuf */ = {
			isa = PBXGroup;
			children = (
				9D84C2D6234DBA6A00034839 /* access_path.pb.swift */,
				9D84C2E5234DBA6C00034839 /* account_state_blob.pb.swift */,
				9D84C2DB234DBA6B00034839 /* admission_control.grpc.swift */,
				9D84C2E4234DBA6C00034839 /* admission_control.pb.swift */,
				9D84C2D9234DBA6B00034839 /* events.pb.swift */,
				9D84C2DC234DBA6B00034839 /* get_with_proof.pb.swift */,
				9D84C2E2234DBA6C00034839 /* language_storage.pb.swift */,
				9D84C2D7234DBA6A00034839 /* ledger_info.pb.swift */,
				9D84C2E3234DBA6C00034839 /* mempool_status.pb.swift */,
				9D84C2DA234DBA6B00034839 /* mempool.grpc.swift */,
				9D84C2DE234DBA6B00034839 /* mempool.pb.swift */,
				9D84C2E7234DBA6C00034839 /* proof.pb.swift */,
				9D84C2DF234DBA6B00034839 /* transaction_info.pb.swift */,
				9D84C2E0234DBA6B00034839 /* transaction.pb.swift */,
				9D84C2E6234DBA6C00034839 /* validator_change.pb.swift */,
				9D84C2E1234DBA6C00034839 /* validator_public_keys.pb.swift */,
				9D84C2DD234DBA6B00034839 /* validator_set.pb.swift */,
				9D84C2D8234DBA6A00034839 /* vm_errors.pb.swift */,
			);
			path = Protobuf;
			sourceTree = "<group>";
		};
		9DC901E5232628860097FD85 /* MakeTransaction */ = {
			isa = PBXGroup;
			children = (
				9DC901E6232628A40097FD85 /* RawTransaction.swift */,
				9DC901E823262CB80097FD85 /* TransactionArgument.swift */,
				9DC901EE23274E510097FD85 /* TransactionProgram.swift */,
				9DC901F1232788C30097FD85 /* TransactionAccessPath.swift */,
				9DC901F72327A3B60097FD85 /* TransactionWriteSet.swift */,
			);
			path = MakeTransaction;
			sourceTree = "<group>";
		};
		9DC902332328E27B0097FD85 /* Request */ = {
			isa = PBXGroup;
			children = (
				9DC902342328E2E80097FD85 /* LibraRequestResponse.swift */,
				9DC902312328C6CC0097FD85 /* LibraAccount.swift */,
			);
			path = Request;
			sourceTree = "<group>";
		};
		9DC902362328E7820097FD85 /* Sections */ = {
			isa = PBXGroup;
			children = (
				9D1A6147233204B1009DDA07 /* Base */,
				9D7124382329F106009DED52 /* WalletCreate */,
				9DC902372328E78A0097FD85 /* Home */,
				9DC48878232231DA005FF254 /* Scan */,
				9DC4885623220D73005FF254 /* Receive */,
				9DC488702322246E005FF254 /* Transfer */,
				9D08AD382330CDED004687E8 /* TransactionHistory */,
				9D08AD462330D873004687E8 /* TransactionDetailWebView */,
			);
			path = Sections;
			sourceTree = "<group>";
		};
		9DC902372328E78A0097FD85 /* Home */ = {
			isa = PBXGroup;
			children = (
				9DC9023A2328E7A40097FD85 /* Controller */,
				9DC902392328E79F0097FD85 /* Model */,
				9DC902382328E79A0097FD85 /* View */,
			);
			path = Home;
			sourceTree = "<group>";
		};
		9DC902382328E79A0097FD85 /* View */ = {
			isa = PBXGroup;
			children = (
				9DC9023E2328EA480097FD85 /* MainView.swift */,
			);
			path = View;
			sourceTree = "<group>";
		};
		9DC902392328E79F0097FD85 /* Model */ = {
			isa = PBXGroup;
			children = (
				9DC902422328FC4A0097FD85 /* MainModel.swift */,
			);
			path = Model;
			sourceTree = "<group>";
		};
		9DC9023A2328E7A40097FD85 /* Controller */ = {
			isa = PBXGroup;
			children = (
				9DC902402328EA640097FD85 /* MainViewController.swift */,
			);
			path = Controller;
			sourceTree = "<group>";
		};
		9DC9023B2328E7E60097FD85 /* Tools */ = {
			isa = PBXGroup;
			children = (
				9DC4884823211180005FF254 /* LibraWalletManager.swift */,
				9DC9023C2328E8290097FD85 /* CommonData.swift */,
				9D712440232F621B009DED52 /* LibraWalletTool.swift */,
				9DC902442328FCD00097FD85 /* LibraWalletError.swift */,
				9DC902462328FDB90097FD85 /* DataBaseManager.swift */,
				9D08AD362330BA75004687E8 /* NetworkManager.swift */,
			);
			path = Tools;
			sourceTree = "<group>";
		};
		A7902CF620DABC30E1C74270 /* Frameworks */ = {
			isa = PBXGroup;
			children = (
				4308B3ACDBB4EC274104FA26 /* Pods_LibraWallet.framework */,
				68DEF872B52FD220FD8C8434 /* Pods_LibraWalletTests.framework */,
				F7658E656E8E8976B3E75152 /* Pods_LibraWalletUITests.framework */,
			);
			name = Frameworks;
			sourceTree = "<group>";
		};
/* End PBXGroup section */

/* Begin PBXNativeTarget section */
		9DA8E29D2317ABC400E28D07 /* LibraWallet */ = {
			isa = PBXNativeTarget;
			buildConfigurationList = 9DA8E2C62317ABC600E28D07 /* Build configuration list for PBXNativeTarget "LibraWallet" */;
			buildPhases = (
				C35CB2A3A2F4035395F70876 /* [CP] Check Pods Manifest.lock */,
				9DA8E29A2317ABC400E28D07 /* Sources */,
				9DA8E29B2317ABC400E28D07 /* Frameworks */,
				9DA8E29C2317ABC400E28D07 /* Resources */,
				D71851B3D98CBB398DFD88C5 /* [CP] Embed Pods Frameworks */,
			);
			buildRules = (
			);
			dependencies = (
			);
			name = LibraWallet;
			productName = LibraWallet;
			productReference = 9DA8E29E2317ABC400E28D07 /* LibraWallet.app */;
			productType = "com.apple.product-type.application";
		};
		9DA8E2B12317ABC600E28D07 /* LibraWalletTests */ = {
			isa = PBXNativeTarget;
			buildConfigurationList = 9DA8E2C92317ABC600E28D07 /* Build configuration list for PBXNativeTarget "LibraWalletTests" */;
			buildPhases = (
				3A87436535D6401C437311E8 /* [CP] Check Pods Manifest.lock */,
				9DA8E2AE2317ABC600E28D07 /* Sources */,
				9DA8E2AF2317ABC600E28D07 /* Frameworks */,
				9DA8E2B02317ABC600E28D07 /* Resources */,
			);
			buildRules = (
			);
			dependencies = (
				9DA8E2B42317ABC600E28D07 /* PBXTargetDependency */,
			);
			name = LibraWalletTests;
			productName = LibraWalletTests;
			productReference = 9DA8E2B22317ABC600E28D07 /* LibraWalletTests.xctest */;
			productType = "com.apple.product-type.bundle.unit-test";
		};
		9DA8E2BC2317ABC600E28D07 /* LibraWalletUITests */ = {
			isa = PBXNativeTarget;
			buildConfigurationList = 9DA8E2CC2317ABC600E28D07 /* Build configuration list for PBXNativeTarget "LibraWalletUITests" */;
			buildPhases = (
				0774E8B7F7073BBF203C323E /* [CP] Check Pods Manifest.lock */,
				9DA8E2B92317ABC600E28D07 /* Sources */,
				9DA8E2BA2317ABC600E28D07 /* Frameworks */,
				9DA8E2BB2317ABC600E28D07 /* Resources */,
			);
			buildRules = (
			);
			dependencies = (
				9DA8E2BF2317ABC600E28D07 /* PBXTargetDependency */,
			);
			name = LibraWalletUITests;
			productName = LibraWalletUITests;
			productReference = 9DA8E2BD2317ABC600E28D07 /* LibraWalletUITests.xctest */;
			productType = "com.apple.product-type.bundle.ui-testing";
		};
/* End PBXNativeTarget section */

/* Begin PBXProject section */
		9DA8E2962317ABC400E28D07 /* Project object */ = {
			isa = PBXProject;
			attributes = {
				LastSwiftUpdateCheck = 1030;
				LastUpgradeCheck = 1030;
				ORGANIZATIONNAME = palliums;
				TargetAttributes = {
					9DA8E29D2317ABC400E28D07 = {
						CreatedOnToolsVersion = 10.3;
						LastSwiftMigration = 1030;
					};
					9DA8E2B12317ABC600E28D07 = {
						CreatedOnToolsVersion = 10.3;
						TestTargetID = 9DA8E29D2317ABC400E28D07;
					};
					9DA8E2BC2317ABC600E28D07 = {
						CreatedOnToolsVersion = 10.3;
						TestTargetID = 9DA8E29D2317ABC400E28D07;
					};
				};
			};
			buildConfigurationList = 9DA8E2992317ABC400E28D07 /* Build configuration list for PBXProject "LibraWallet" */;
			compatibilityVersion = "Xcode 9.3";
			developmentRegion = en;
			hasScannedForEncodings = 0;
			knownRegions = (
				Base,
				en,
				"zh-Hans",
			);
			mainGroup = 9DA8E2952317ABC400E28D07;
			productRefGroup = 9DA8E29F2317ABC400E28D07 /* Products */;
			projectDirPath = "";
			projectRoot = "";
			targets = (
				9DA8E29D2317ABC400E28D07 /* LibraWallet */,
				9DA8E2B12317ABC600E28D07 /* LibraWalletTests */,
				9DA8E2BC2317ABC600E28D07 /* LibraWalletUITests */,
			);
		};
/* End PBXProject section */

/* Begin PBXResourcesBuildPhase section */
		9DA8E29C2317ABC400E28D07 /* Resources */ = {
			isa = PBXResourcesBuildPhase;
			buildActionMask = 2147483647;
			files = (
				9DA8E2AC2317ABC600E28D07 /* LaunchScreen.storyboard in Resources */,
				9D7124342329EA1C009DED52 /* Localizable.strings in Resources */,
				9D712443232F7662009DED52 /* Assets.xcassets in Resources */,
			);
			runOnlyForDeploymentPostprocessing = 0;
		};
		9DA8E2B02317ABC600E28D07 /* Resources */ = {
			isa = PBXResourcesBuildPhase;
			buildActionMask = 2147483647;
			files = (
			);
			runOnlyForDeploymentPostprocessing = 0;
		};
		9DA8E2BB2317ABC600E28D07 /* Resources */ = {
			isa = PBXResourcesBuildPhase;
			buildActionMask = 2147483647;
			files = (
			);
			runOnlyForDeploymentPostprocessing = 0;
		};
/* End PBXResourcesBuildPhase section */

/* Begin PBXShellScriptBuildPhase section */
		0774E8B7F7073BBF203C323E /* [CP] Check Pods Manifest.lock */ = {
			isa = PBXShellScriptBuildPhase;
			buildActionMask = 2147483647;
			files = (
			);
			inputFileListPaths = (
			);
			inputPaths = (
				"${PODS_PODFILE_DIR_PATH}/Podfile.lock",
				"${PODS_ROOT}/Manifest.lock",
			);
			name = "[CP] Check Pods Manifest.lock";
			outputFileListPaths = (
			);
			outputPaths = (
				"$(DERIVED_FILE_DIR)/Pods-LibraWalletUITests-checkManifestLockResult.txt",
			);
			runOnlyForDeploymentPostprocessing = 0;
			shellPath = /bin/sh;
			shellScript = "diff \"${PODS_PODFILE_DIR_PATH}/Podfile.lock\" \"${PODS_ROOT}/Manifest.lock\" > /dev/null\nif [ $? != 0 ] ; then\n    # print error to STDERR\n    echo \"error: The sandbox is not in sync with the Podfile.lock. Run 'pod install' or update your CocoaPods installation.\" >&2\n    exit 1\nfi\n# This output is used by Xcode 'outputs' to avoid re-running this script phase.\necho \"SUCCESS\" > \"${SCRIPT_OUTPUT_FILE_0}\"\n";
			showEnvVarsInLog = 0;
		};
		3A87436535D6401C437311E8 /* [CP] Check Pods Manifest.lock */ = {
			isa = PBXShellScriptBuildPhase;
			buildActionMask = 2147483647;
			files = (
			);
			inputFileListPaths = (
			);
			inputPaths = (
				"${PODS_PODFILE_DIR_PATH}/Podfile.lock",
				"${PODS_ROOT}/Manifest.lock",
			);
			name = "[CP] Check Pods Manifest.lock";
			outputFileListPaths = (
			);
			outputPaths = (
				"$(DERIVED_FILE_DIR)/Pods-LibraWalletTests-checkManifestLockResult.txt",
			);
			runOnlyForDeploymentPostprocessing = 0;
			shellPath = /bin/sh;
			shellScript = "diff \"${PODS_PODFILE_DIR_PATH}/Podfile.lock\" \"${PODS_ROOT}/Manifest.lock\" > /dev/null\nif [ $? != 0 ] ; then\n    # print error to STDERR\n    echo \"error: The sandbox is not in sync with the Podfile.lock. Run 'pod install' or update your CocoaPods installation.\" >&2\n    exit 1\nfi\n# This output is used by Xcode 'outputs' to avoid re-running this script phase.\necho \"SUCCESS\" > \"${SCRIPT_OUTPUT_FILE_0}\"\n";
			showEnvVarsInLog = 0;
		};
		C35CB2A3A2F4035395F70876 /* [CP] Check Pods Manifest.lock */ = {
			isa = PBXShellScriptBuildPhase;
			buildActionMask = 2147483647;
			files = (
			);
			inputFileListPaths = (
			);
			inputPaths = (
				"${PODS_PODFILE_DIR_PATH}/Podfile.lock",
				"${PODS_ROOT}/Manifest.lock",
			);
			name = "[CP] Check Pods Manifest.lock";
			outputFileListPaths = (
			);
			outputPaths = (
				"$(DERIVED_FILE_DIR)/Pods-LibraWallet-checkManifestLockResult.txt",
			);
			runOnlyForDeploymentPostprocessing = 0;
			shellPath = /bin/sh;
			shellScript = "diff \"${PODS_PODFILE_DIR_PATH}/Podfile.lock\" \"${PODS_ROOT}/Manifest.lock\" > /dev/null\nif [ $? != 0 ] ; then\n    # print error to STDERR\n    echo \"error: The sandbox is not in sync with the Podfile.lock. Run 'pod install' or update your CocoaPods installation.\" >&2\n    exit 1\nfi\n# This output is used by Xcode 'outputs' to avoid re-running this script phase.\necho \"SUCCESS\" > \"${SCRIPT_OUTPUT_FILE_0}\"\n";
			showEnvVarsInLog = 0;
		};
		D71851B3D98CBB398DFD88C5 /* [CP] Embed Pods Frameworks */ = {
			isa = PBXShellScriptBuildPhase;
			buildActionMask = 2147483647;
			files = (
			);
			inputFileListPaths = (
				"${PODS_ROOT}/Target Support Files/Pods-LibraWallet/Pods-LibraWallet-frameworks-${CONFIGURATION}-input-files.xcfilelist",
			);
			name = "[CP] Embed Pods Frameworks";
			outputFileListPaths = (
				"${PODS_ROOT}/Target Support Files/Pods-LibraWallet/Pods-LibraWallet-frameworks-${CONFIGURATION}-output-files.xcfilelist",
			);
			runOnlyForDeploymentPostprocessing = 0;
			shellPath = /bin/sh;
			shellScript = "\"${PODS_ROOT}/Target Support Files/Pods-LibraWallet/Pods-LibraWallet-frameworks.sh\"\n";
			showEnvVarsInLog = 0;
		};
/* End PBXShellScriptBuildPhase section */

/* Begin PBXSourcesBuildPhase section */
		9DA8E29A2317ABC400E28D07 /* Sources */ = {
			isa = PBXSourcesBuildPhase;
			buildActionMask = 2147483647;
			files = (
				9DBC267923408D55009650EA /* ed25519_sign.swift in Sources */,
				9D1A614F23320926009DDA07 /* TransactionsViewModel.swift in Sources */,
				9DC488012320BE88005FF254 /* LibraNetwork.swift in Sources */,
				9D08AD3D2330CE21004687E8 /* TransactionsViewController.swift in Sources */,
				9DC4885A23220DA6005FF254 /* WalletReceiveView.swift in Sources */,
				9DC4886E232222CF005FF254 /* LBXPermissions.swift in Sources */,
				9DC901F82327A3B70097FD85 /* TransactionWriteSet.swift in Sources */,
				9DC9023F2328EA480097FD85 /* MainView.swift in Sources */,
				9D84C2ED234DBA6D00034839 /* admission_control.grpc.swift in Sources */,
				9D84C2F7234DBA6D00034839 /* account_state_blob.pb.swift in Sources */,
				9D08AD4D2330D8F5004687E8 /* TransactionDetailWebView.swift in Sources */,
				9DC4886A232222CF005FF254 /* LBXScanView.swift in Sources */,
				9DC901E7232628A40097FD85 /* RawTransaction.swift in Sources */,
				9DC902412328EA640097FD85 /* MainViewController.swift in Sources */,
				9DC4885F23220E47005FF254 /* QRCodeConvertible.swift in Sources */,
				9D84C2EC234DBA6D00034839 /* mempool.grpc.swift in Sources */,
				9DC4885523220D6D005FF254 /* WalletReceiveViewController.swift in Sources */,
				9D08AD432330D03C004687E8 /* TransactionsViewTableViewManager.swift in Sources */,
				9DC4880F2320EE4C005FF254 /* LibraTransaction.swift in Sources */,
				9D08AD3F2330CE2F004687E8 /* TransactionsModel.swift in Sources */,
				9DBC267623408D55009650EA /* ed25519_sc.swift in Sources */,
				9DC902472328FDB90097FD85 /* DataBaseManager.swift in Sources */,
				9DC4880D2320EDF8005FF254 /* LibraUtils.swift in Sources */,
				9DC4886D232222CF005FF254 /* LBXScanViewStyle.swift in Sources */,
				9D71243D2329F183009DED52 /* WalletCreateViewController.swift in Sources */,
				9DC4887E2322320B005FF254 /* ScanView.swift in Sources */,
				9DC901EF23274E510097FD85 /* TransactionProgram.swift in Sources */,
				9D84C2EF234DBA6D00034839 /* validator_set.pb.swift in Sources */,
				9DC901F2232788C30097FD85 /* TransactionAccessPath.swift in Sources */,
				9DBC267823408D55009650EA /* ed25519_ge.swift in Sources */,
				9DC4886023220E47005FF254 /* QRCodeGenerator.swift in Sources */,
				9DC4880B2320E6C1005FF254 /* LibraPrivateKey.swift in Sources */,
				9DA8E2A22317ABC400E28D07 /* AppDelegate.swift in Sources */,
				9D84C2F3234DBA6D00034839 /* validator_public_keys.pb.swift in Sources */,
				9DC4886B232222CF005FF254 /* LBXScanViewController.swift in Sources */,
				9DC902352328E2E80097FD85 /* LibraRequestResponse.swift in Sources */,
				9DC4886F232222CF005FF254 /* LBXScanWrapper.swift in Sources */,
				9D84C2F4234DBA6D00034839 /* language_storage.pb.swift in Sources */,
				9DC48869232222CF005FF254 /* LBXScanNetAnimation.swift in Sources */,
				9D1A614C233204E2009DDA07 /* BaseViewController.swift in Sources */,
				9D84C2F0234DBA6D00034839 /* mempool.pb.swift in Sources */,
				9DC4884F2321F051005FF254 /* WordList.swift in Sources */,
				9DC901E923262CB80097FD85 /* TransactionArgument.swift in Sources */,
				9D84C2F8234DBA6D00034839 /* validator_change.pb.swift in Sources */,
				9D71243F2329F190009DED52 /* WalletCreateView.swift in Sources */,
				9D84C2EE234DBA6D00034839 /* get_with_proof.pb.swift in Sources */,
				9D08AD4B2330D8E6004687E8 /* TransactionDetailWebViewController.swift in Sources */,
				9D84C2E8234DBA6C00034839 /* access_path.pb.swift in Sources */,
				9DBC267A23408D55009650EA /* ed25519_verify.swift in Sources */,
				9DBC267B23408D55009650EA /* ed25519_fe.swift in Sources */,
				9D08AD412330CE3E004687E8 /* TransactionsView.swift in Sources */,
				9DC487FD2320AF4E005FF254 /* LibraWallet.swift in Sources */,
				9DC902432328FC4A0097FD85 /* MainModel.swift in Sources */,
				9DC488032320D6A1005FF254 /* LibraMnemonic.swift in Sources */,
				9DC488052320DBCB005FF254 /* LibraPublicKey.swift in Sources */,
				9DBC267723408D55009650EA /* ed25519_utility.swift in Sources */,
				9D84C2F6234DBA6D00034839 /* admission_control.pb.swift in Sources */,
				9DC9023D2328E8290097FD85 /* CommonData.swift in Sources */,
				9D84C2F1234DBA6D00034839 /* transaction_info.pb.swift in Sources */,
				9D84C2F5234DBA6D00034839 /* mempool_status.pb.swift in Sources */,
				9DC4886C232222CF005FF254 /* LBXScanLineAnimation.swift in Sources */,
				9D84C2E9234DBA6C00034839 /* ledger_info.pb.swift in Sources */,
				9DC902322328C6CC0097FD85 /* LibraAccount.swift in Sources */,
				9D84C2F2234DBA6D00034839 /* transaction.pb.swift in Sources */,
				9DC902452328FCD00097FD85 /* LibraWalletError.swift in Sources */,
				9D08AD372330BA75004687E8 /* NetworkManager.swift in Sources */,
				9DC4884B232111E9005FF254 /* TransferViewController.swift in Sources */,
				9D712441232F621B009DED52 /* LibraWalletTool.swift in Sources */,
				9DC4884923211180005FF254 /* LibraWalletManager.swift in Sources */,
				9DC487FF2320AFB8005FF254 /* LibraError.swift in Sources */,
				9DC488752322249E005FF254 /* TransferView.swift in Sources */,
				9D712445232F7C36009DED52 /* TransferModel.swift in Sources */,
				9DC4887C23223204005FF254 /* ScanViewController.swift in Sources */,
				9D84C2EA234DBA6D00034839 /* vm_errors.pb.swift in Sources */,
				9D08AD452330D07E004687E8 /* TransactionsTableViewCell.swift in Sources */,
				9D84C2EB234DBA6D00034839 /* events.pb.swift in Sources */,
				9D84C2F9234DBA6D00034839 /* proof.pb.swift in Sources */,
			);
			runOnlyForDeploymentPostprocessing = 0;
		};
		9DA8E2AE2317ABC600E28D07 /* Sources */ = {
			isa = PBXSourcesBuildPhase;
			buildActionMask = 2147483647;
			files = (
				9DA8E2B72317ABC600E28D07 /* LibraWalletTests.swift in Sources */,
				9DC488072320E419005FF254 /* LibraSDKTests.swift in Sources */,
			);
			runOnlyForDeploymentPostprocessing = 0;
		};
		9DA8E2B92317ABC600E28D07 /* Sources */ = {
			isa = PBXSourcesBuildPhase;
			buildActionMask = 2147483647;
			files = (
				9DA8E2C22317ABC600E28D07 /* LibraWalletUITests.swift in Sources */,
			);
			runOnlyForDeploymentPostprocessing = 0;
		};
/* End PBXSourcesBuildPhase section */

/* Begin PBXTargetDependency section */
		9DA8E2B42317ABC600E28D07 /* PBXTargetDependency */ = {
			isa = PBXTargetDependency;
			target = 9DA8E29D2317ABC400E28D07 /* LibraWallet */;
			targetProxy = 9DA8E2B32317ABC600E28D07 /* PBXContainerItemProxy */;
		};
		9DA8E2BF2317ABC600E28D07 /* PBXTargetDependency */ = {
			isa = PBXTargetDependency;
			target = 9DA8E29D2317ABC400E28D07 /* LibraWallet */;
			targetProxy = 9DA8E2BE2317ABC600E28D07 /* PBXContainerItemProxy */;
		};
/* End PBXTargetDependency section */

/* Begin PBXVariantGroup section */
		9D7124362329EA1C009DED52 /* Localizable.strings */ = {
			isa = PBXVariantGroup;
			children = (
				9D7124352329EA1C009DED52 /* en */,
				9D7124372329EA3E009DED52 /* zh-Hans */,
			);
			name = Localizable.strings;
			sourceTree = "<group>";
		};
		9DA8E2AA2317ABC600E28D07 /* LaunchScreen.storyboard */ = {
			isa = PBXVariantGroup;
			children = (
				9DA8E2AB2317ABC600E28D07 /* Base */,
			);
			name = LaunchScreen.storyboard;
			sourceTree = "<group>";
		};
/* End PBXVariantGroup section */

/* Begin XCBuildConfiguration section */
		9DA8E2C42317ABC600E28D07 /* Debug */ = {
			isa = XCBuildConfiguration;
			buildSettings = {
				ALWAYS_SEARCH_USER_PATHS = NO;
				CLANG_ANALYZER_LOCALIZABILITY_NONLOCALIZED = YES;
				CLANG_ANALYZER_NONNULL = YES;
				CLANG_ANALYZER_NUMBER_OBJECT_CONVERSION = YES_AGGRESSIVE;
				CLANG_CXX_LANGUAGE_STANDARD = "gnu++14";
				CLANG_CXX_LIBRARY = "libc++";
				CLANG_ENABLE_MODULES = YES;
				CLANG_ENABLE_OBJC_ARC = YES;
				CLANG_ENABLE_OBJC_WEAK = YES;
				CLANG_WARN_BLOCK_CAPTURE_AUTORELEASING = YES;
				CLANG_WARN_BOOL_CONVERSION = YES;
				CLANG_WARN_COMMA = YES;
				CLANG_WARN_CONSTANT_CONVERSION = YES;
				CLANG_WARN_DEPRECATED_OBJC_IMPLEMENTATIONS = YES;
				CLANG_WARN_DIRECT_OBJC_ISA_USAGE = YES_ERROR;
				CLANG_WARN_DOCUMENTATION_COMMENTS = YES;
				CLANG_WARN_EMPTY_BODY = YES;
				CLANG_WARN_ENUM_CONVERSION = YES;
				CLANG_WARN_INFINITE_RECURSION = YES;
				CLANG_WARN_INT_CONVERSION = YES;
				CLANG_WARN_NON_LITERAL_NULL_CONVERSION = YES;
				CLANG_WARN_OBJC_IMPLICIT_RETAIN_SELF = YES;
				CLANG_WARN_OBJC_LITERAL_CONVERSION = YES;
				CLANG_WARN_OBJC_ROOT_CLASS = YES_ERROR;
				CLANG_WARN_RANGE_LOOP_ANALYSIS = YES;
				CLANG_WARN_STRICT_PROTOTYPES = YES;
				CLANG_WARN_SUSPICIOUS_MOVE = YES;
				CLANG_WARN_UNGUARDED_AVAILABILITY = YES_AGGRESSIVE;
				CLANG_WARN_UNREACHABLE_CODE = YES;
				CLANG_WARN__DUPLICATE_METHOD_MATCH = YES;
				CODE_SIGN_IDENTITY = "iPhone Developer";
				COPY_PHASE_STRIP = NO;
				DEBUG_INFORMATION_FORMAT = dwarf;
				ENABLE_STRICT_OBJC_MSGSEND = YES;
				ENABLE_TESTABILITY = YES;
				GCC_C_LANGUAGE_STANDARD = gnu11;
				GCC_DYNAMIC_NO_PIC = NO;
				GCC_NO_COMMON_BLOCKS = YES;
				GCC_OPTIMIZATION_LEVEL = 0;
				GCC_PREPROCESSOR_DEFINITIONS = (
					"DEBUG=1",
					"$(inherited)",
				);
				GCC_WARN_64_TO_32_BIT_CONVERSION = YES;
				GCC_WARN_ABOUT_RETURN_TYPE = YES_ERROR;
				GCC_WARN_UNDECLARED_SELECTOR = YES;
				GCC_WARN_UNINITIALIZED_AUTOS = YES_AGGRESSIVE;
				GCC_WARN_UNUSED_FUNCTION = YES;
				GCC_WARN_UNUSED_VARIABLE = YES;
				IPHONEOS_DEPLOYMENT_TARGET = 11.0;
				MTL_ENABLE_DEBUG_INFO = INCLUDE_SOURCE;
				MTL_FAST_MATH = YES;
				ONLY_ACTIVE_ARCH = YES;
				SDKROOT = iphoneos;
				SWIFT_ACTIVE_COMPILATION_CONDITIONS = DEBUG;
				SWIFT_OPTIMIZATION_LEVEL = "-Onone";
			};
			name = Debug;
		};
		9DA8E2C52317ABC600E28D07 /* Release */ = {
			isa = XCBuildConfiguration;
			buildSettings = {
				ALWAYS_SEARCH_USER_PATHS = NO;
				CLANG_ANALYZER_LOCALIZABILITY_NONLOCALIZED = YES;
				CLANG_ANALYZER_NONNULL = YES;
				CLANG_ANALYZER_NUMBER_OBJECT_CONVERSION = YES_AGGRESSIVE;
				CLANG_CXX_LANGUAGE_STANDARD = "gnu++14";
				CLANG_CXX_LIBRARY = "libc++";
				CLANG_ENABLE_MODULES = YES;
				CLANG_ENABLE_OBJC_ARC = YES;
				CLANG_ENABLE_OBJC_WEAK = YES;
				CLANG_WARN_BLOCK_CAPTURE_AUTORELEASING = YES;
				CLANG_WARN_BOOL_CONVERSION = YES;
				CLANG_WARN_COMMA = YES;
				CLANG_WARN_CONSTANT_CONVERSION = YES;
				CLANG_WARN_DEPRECATED_OBJC_IMPLEMENTATIONS = YES;
				CLANG_WARN_DIRECT_OBJC_ISA_USAGE = YES_ERROR;
				CLANG_WARN_DOCUMENTATION_COMMENTS = YES;
				CLANG_WARN_EMPTY_BODY = YES;
				CLANG_WARN_ENUM_CONVERSION = YES;
				CLANG_WARN_INFINITE_RECURSION = YES;
				CLANG_WARN_INT_CONVERSION = YES;
				CLANG_WARN_NON_LITERAL_NULL_CONVERSION = YES;
				CLANG_WARN_OBJC_IMPLICIT_RETAIN_SELF = YES;
				CLANG_WARN_OBJC_LITERAL_CONVERSION = YES;
				CLANG_WARN_OBJC_ROOT_CLASS = YES_ERROR;
				CLANG_WARN_RANGE_LOOP_ANALYSIS = YES;
				CLANG_WARN_STRICT_PROTOTYPES = YES;
				CLANG_WARN_SUSPICIOUS_MOVE = YES;
				CLANG_WARN_UNGUARDED_AVAILABILITY = YES_AGGRESSIVE;
				CLANG_WARN_UNREACHABLE_CODE = YES;
				CLANG_WARN__DUPLICATE_METHOD_MATCH = YES;
				CODE_SIGN_IDENTITY = "iPhone Developer";
				COPY_PHASE_STRIP = NO;
				DEBUG_INFORMATION_FORMAT = "dwarf-with-dsym";
				ENABLE_NS_ASSERTIONS = NO;
				ENABLE_STRICT_OBJC_MSGSEND = YES;
				GCC_C_LANGUAGE_STANDARD = gnu11;
				GCC_NO_COMMON_BLOCKS = YES;
				GCC_WARN_64_TO_32_BIT_CONVERSION = YES;
				GCC_WARN_ABOUT_RETURN_TYPE = YES_ERROR;
				GCC_WARN_UNDECLARED_SELECTOR = YES;
				GCC_WARN_UNINITIALIZED_AUTOS = YES_AGGRESSIVE;
				GCC_WARN_UNUSED_FUNCTION = YES;
				GCC_WARN_UNUSED_VARIABLE = YES;
				IPHONEOS_DEPLOYMENT_TARGET = 11.0;
				MTL_ENABLE_DEBUG_INFO = NO;
				MTL_FAST_MATH = YES;
				SDKROOT = iphoneos;
				SWIFT_COMPILATION_MODE = wholemodule;
				SWIFT_OPTIMIZATION_LEVEL = "-O";
				VALIDATE_PRODUCT = YES;
			};
			name = Release;
		};
		9DA8E2C72317ABC600E28D07 /* Debug */ = {
			isa = XCBuildConfiguration;
			baseConfigurationReference = B53FCCF097BEA491ED046F0A /* Pods-LibraWallet.debug.xcconfig */;
			buildSettings = {
				ASSETCATALOG_COMPILER_APPICON_NAME = AppIcon;
				CLANG_ENABLE_MODULES = YES;
				CODE_SIGN_ENTITLEMENTS = LibraWallet/LibraWallet.entitlements;
				CODE_SIGN_IDENTITY = "Apple Development: Jay Zou (JR6LZNW9NA)";
				CODE_SIGN_STYLE = Manual;
				DEVELOPMENT_TEAM = ND49YBN8B3;
				INFOPLIST_FILE = LibraWallet/Info.plist;
				IPHONEOS_DEPLOYMENT_TARGET = 11.0;
				LD_RUNPATH_SEARCH_PATHS = (
					"$(inherited)",
					"@executable_path/Frameworks",
				);
				PRODUCT_BUNDLE_IDENTIFIER = com.palliums.wallet;
				PRODUCT_NAME = "$(TARGET_NAME)";
				PROVISIONING_PROFILE_SPECIFIER = HobaWalletDeveloper;
				SWIFT_OBJC_BRIDGING_HEADER = "";
				SWIFT_OPTIMIZATION_LEVEL = "-Onone";
				SWIFT_VERSION = 5.0;
				TARGETED_DEVICE_FAMILY = "1,2";
			};
			name = Debug;
		};
		9DA8E2C82317ABC600E28D07 /* Release */ = {
			isa = XCBuildConfiguration;
			baseConfigurationReference = A0BB048939C1729A911C1FC8 /* Pods-LibraWallet.release.xcconfig */;
			buildSettings = {
				ASSETCATALOG_COMPILER_APPICON_NAME = AppIcon;
				CLANG_ENABLE_MODULES = YES;
				CODE_SIGN_ENTITLEMENTS = LibraWallet/LibraWallet.entitlements;
				CODE_SIGN_IDENTITY = "iPhone Distribution: Jay Zou (ND49YBN8B3)";
				CODE_SIGN_STYLE = Manual;
				DEVELOPMENT_TEAM = ND49YBN8B3;
				INFOPLIST_FILE = LibraWallet/Info.plist;
				IPHONEOS_DEPLOYMENT_TARGET = 11.0;
				LD_RUNPATH_SEARCH_PATHS = (
					"$(inherited)",
					"@executable_path/Frameworks",
				);
				PRODUCT_BUNDLE_IDENTIFIER = com.palliums.wallet;
				PRODUCT_NAME = "$(TARGET_NAME)";
				PROVISIONING_PROFILE_SPECIFIER = HobaWallet;
				SWIFT_OBJC_BRIDGING_HEADER = "";
				SWIFT_VERSION = 5.0;
				TARGETED_DEVICE_FAMILY = "1,2";
			};
			name = Release;
		};
		9DA8E2CA2317ABC600E28D07 /* Debug */ = {
			isa = XCBuildConfiguration;
			baseConfigurationReference = D2E0E83CD4617090AC4DEFF6 /* Pods-LibraWalletTests.debug.xcconfig */;
			buildSettings = {
				ALWAYS_EMBED_SWIFT_STANDARD_LIBRARIES = YES;
				BUNDLE_LOADER = "$(TEST_HOST)";
				CODE_SIGN_IDENTITY = "Apple Development: Jay Zou (JR6LZNW9NA)";
				CODE_SIGN_STYLE = Manual;
				DEVELOPMENT_TEAM = "";
				INFOPLIST_FILE = LibraWalletTests/Info.plist;
				LD_RUNPATH_SEARCH_PATHS = (
					"$(inherited)",
					"@executable_path/Frameworks",
					"@loader_path/Frameworks",
				);
				PRODUCT_BUNDLE_IDENTIFIER = com.palliums.LibraWalletTests;
				PRODUCT_NAME = "$(TARGET_NAME)";
				PROVISIONING_PROFILE_SPECIFIER = "";
				SWIFT_VERSION = 5.0;
				TARGETED_DEVICE_FAMILY = "1,2";
				TEST_HOST = "$(BUILT_PRODUCTS_DIR)/LibraWallet.app/LibraWallet";
			};
			name = Debug;
		};
		9DA8E2CB2317ABC600E28D07 /* Release */ = {
			isa = XCBuildConfiguration;
			baseConfigurationReference = 7378AE2C0E4A760533962991 /* Pods-LibraWalletTests.release.xcconfig */;
			buildSettings = {
				ALWAYS_EMBED_SWIFT_STANDARD_LIBRARIES = YES;
				BUNDLE_LOADER = "$(TEST_HOST)";
				CODE_SIGN_IDENTITY = "iPhone Distribution: Jay Zou (ND49YBN8B3)";
				CODE_SIGN_STYLE = Manual;
				DEVELOPMENT_TEAM = "";
				INFOPLIST_FILE = LibraWalletTests/Info.plist;
				LD_RUNPATH_SEARCH_PATHS = (
					"$(inherited)",
					"@executable_path/Frameworks",
					"@loader_path/Frameworks",
				);
				PRODUCT_BUNDLE_IDENTIFIER = com.palliums.LibraWalletTests;
				PRODUCT_NAME = "$(TARGET_NAME)";
				PROVISIONING_PROFILE_SPECIFIER = "";
				SWIFT_VERSION = 5.0;
				TARGETED_DEVICE_FAMILY = "1,2";
				TEST_HOST = "$(BUILT_PRODUCTS_DIR)/LibraWallet.app/LibraWallet";
			};
			name = Release;
		};
		9DA8E2CD2317ABC600E28D07 /* Debug */ = {
			isa = XCBuildConfiguration;
			baseConfigurationReference = CC19B6BCD5C39DC5526FDDC4 /* Pods-LibraWalletUITests.debug.xcconfig */;
			buildSettings = {
				ALWAYS_EMBED_SWIFT_STANDARD_LIBRARIES = YES;
				CODE_SIGN_IDENTITY = "iPhone Developer";
				CODE_SIGN_STYLE = Automatic;
				DEVELOPMENT_TEAM = VRC68UPH8Q;
				INFOPLIST_FILE = LibraWalletUITests/Info.plist;
				LD_RUNPATH_SEARCH_PATHS = (
					"$(inherited)",
					"@executable_path/Frameworks",
					"@loader_path/Frameworks",
				);
				PRODUCT_BUNDLE_IDENTIFIER = com.palliums.LibraWalletUITests;
				PRODUCT_NAME = "$(TARGET_NAME)";
				PROVISIONING_PROFILE_SPECIFIER = "";
				SWIFT_VERSION = 5.0;
				TARGETED_DEVICE_FAMILY = "1,2";
				TEST_TARGET_NAME = LibraWallet;
			};
			name = Debug;
		};
		9DA8E2CE2317ABC600E28D07 /* Release */ = {
			isa = XCBuildConfiguration;
			baseConfigurationReference = 5186520DDD2B7E61F7417817 /* Pods-LibraWalletUITests.release.xcconfig */;
			buildSettings = {
				ALWAYS_EMBED_SWIFT_STANDARD_LIBRARIES = YES;
				CODE_SIGN_IDENTITY = "iPhone Developer";
				CODE_SIGN_STYLE = Automatic;
				DEVELOPMENT_TEAM = VRC68UPH8Q;
				INFOPLIST_FILE = LibraWalletUITests/Info.plist;
				LD_RUNPATH_SEARCH_PATHS = (
					"$(inherited)",
					"@executable_path/Frameworks",
					"@loader_path/Frameworks",
				);
				PRODUCT_BUNDLE_IDENTIFIER = com.palliums.LibraWalletUITests;
				PRODUCT_NAME = "$(TARGET_NAME)";
				PROVISIONING_PROFILE_SPECIFIER = "";
				SWIFT_VERSION = 5.0;
				TARGETED_DEVICE_FAMILY = "1,2";
				TEST_TARGET_NAME = LibraWallet;
			};
			name = Release;
		};
/* End XCBuildConfiguration section */

/* Begin XCConfigurationList section */
		9DA8E2992317ABC400E28D07 /* Build configuration list for PBXProject "LibraWallet" */ = {
			isa = XCConfigurationList;
			buildConfigurations = (
				9DA8E2C42317ABC600E28D07 /* Debug */,
				9DA8E2C52317ABC600E28D07 /* Release */,
			);
			defaultConfigurationIsVisible = 0;
			defaultConfigurationName = Release;
		};
		9DA8E2C62317ABC600E28D07 /* Build configuration list for PBXNativeTarget "LibraWallet" */ = {
			isa = XCConfigurationList;
			buildConfigurations = (
				9DA8E2C72317ABC600E28D07 /* Debug */,
				9DA8E2C82317ABC600E28D07 /* Release */,
			);
			defaultConfigurationIsVisible = 0;
			defaultConfigurationName = Release;
		};
		9DA8E2C92317ABC600E28D07 /* Build configuration list for PBXNativeTarget "LibraWalletTests" */ = {
			isa = XCConfigurationList;
			buildConfigurations = (
				9DA8E2CA2317ABC600E28D07 /* Debug */,
				9DA8E2CB2317ABC600E28D07 /* Release */,
			);
			defaultConfigurationIsVisible = 0;
			defaultConfigurationName = Release;
		};
		9DA8E2CC2317ABC600E28D07 /* Build configuration list for PBXNativeTarget "LibraWalletUITests" */ = {
			isa = XCConfigurationList;
			buildConfigurations = (
				9DA8E2CD2317ABC600E28D07 /* Debug */,
				9DA8E2CE2317ABC600E28D07 /* Release */,
			);
			defaultConfigurationIsVisible = 0;
			defaultConfigurationName = Release;
		};
/* End XCConfigurationList section */
	};
	rootObject = 9DA8E2962317ABC400E28D07 /* Project object */;
}
